
Microsoft Visual Studio Solution File, Format Version 12.00
# Visual Studio Version 16
VisualStudioVersion = 16.0.29503.13
MinimumVisualStudioVersion = 10.0.40219.1
Project("{FAE04EC0-301F-11D3-BF4B-00C04F79EFBC}") = "HowTo", "HowTo\HowTo.csproj", "{9EED4A74-3104-4958-B070-EA9BD927D292}"
EndProject
Global
	GlobalSection(SolutionConfigurationPlatforms) = preSolution
		Debug|Any CPU = Debug|Any CPU
		Release|Any CPU = Release|Any CPU
	EndGlobalSection
	GlobalSection(ProjectConfigurationPlatforms) = postSolution
		{9EED4A74-3104-4958-B070-EA9BD927D292}.Debug|Any CPU.ActiveCfg = Debug|Any CPU
		{9EED4A74-3104-4958-B070-EA9BD927D292}.Debug|Any CPU.Build.0 = Debug|Any CPU
		{9EED4A74-3104-4958-B070-EA9BD927D292}.Release|Any CPU.ActiveCfg = Release|Any CPU
		{9EED4A74-3104-4958-B070-EA9BD927D292}.Release|Any CPU.Build.0 = Release|Any CPU
	EndGlobalSection
	GlobalSection(SolutionProperties) = preSolution
		HideSolutionNode = FALSE
	EndGlobalSection
	GlobalSection(ExtensibilityGlobals) = postSolution
		SolutionGuid = {3326FDB6-3F32-45B3-AC16-CDDB141A74CF}
	EndGlobalSection
EndGlobal
